// !$*UTF8*$!
{
	archiveVersion = 1;
	classes = {
	};
	objectVersion = 56;
	objects = {

/* Begin PBXBuildFile section */
		543F7A1F2BAA09F800F429EF /* AppDelegate.swift in Sources */ = {isa = PBXBuildFile; fileRef = 543F7A1E2BAA09F800F429EF /* AppDelegate.swift */; };
		543F7A212BAA09F800F429EF /* SceneDelegate.swift in Sources */ = {isa = PBXBuildFile; fileRef = 543F7A202BAA09F800F429EF /* SceneDelegate.swift */; };
		543F7A262BAA09F800F429EF /* Main.storyboard in Resources */ = {isa = PBXBuildFile; fileRef = 543F7A242BAA09F800F429EF /* Main.storyboard */; };
		543F7A282BAA09F900F429EF /* Assets.xcassets in Resources */ = {isa = PBXBuildFile; fileRef = 543F7A272BAA09F900F429EF /* Assets.xcassets */; };
		543F7A2B2BAA09F900F429EF /* LaunchScreen.storyboard in Resources */ = {isa = PBXBuildFile; fileRef = 543F7A292BAA09F900F429EF /* LaunchScreen.storyboard */; };
		543F7A362BAA0A3D00F429EF /* HomeViewController.swift in Sources */ = {isa = PBXBuildFile; fileRef = 543F7A342BAA0A3D00F429EF /* HomeViewController.swift */; };
		543F7A372BAA0A3D00F429EF /* HomeViewController.xib in Resources */ = {isa = PBXBuildFile; fileRef = 543F7A352BAA0A3D00F429EF /* HomeViewController.xib */; };
		543F7A3A2BAA0A5300F429EF /* SignInViewController.swift in Sources */ = {isa = PBXBuildFile; fileRef = 543F7A382BAA0A5300F429EF /* SignInViewController.swift */; };
		543F7A3B2BAA0A5300F429EF /* SignInViewController.xib in Resources */ = {isa = PBXBuildFile; fileRef = 543F7A392BAA0A5300F429EF /* SignInViewController.xib */; };
		543F7A3E2BAA0A6600F429EF /* SignUpViewController.swift in Sources */ = {isa = PBXBuildFile; fileRef = 543F7A3C2BAA0A6600F429EF /* SignUpViewController.swift */; };
		543F7A3F2BAA0A6600F429EF /* SignUpViewController.xib in Resources */ = {isa = PBXBuildFile; fileRef = 543F7A3D2BAA0A6600F429EF /* SignUpViewController.xib */; };
		543F7A412BAA1B6A00F429EF /* BaseViewController.swift in Sources */ = {isa = PBXBuildFile; fileRef = 543F7A402BAA1B6A00F429EF /* BaseViewController.swift */; };
/* End PBXBuildFile section */

/* Begin PBXFileReference section */
		543F7A1B2BAA09F800F429EF /* InstaPDP.app */ = {isa = PBXFileReference; explicitFileType = wrapper.application; includeInIndex = 0; path = InstaPDP.app; sourceTree = BUILT_PRODUCTS_DIR; };
		543F7A1E2BAA09F800F429EF /* AppDelegate.swift */ = {isa = PBXFileReference; lastKnownFileType = sourcecode.swift; path = AppDelegate.swift; sourceTree = "<group>"; };
		543F7A202BAA09F800F429EF /* SceneDelegate.swift */ = {isa = PBXFileReference; lastKnownFileType = sourcecode.swift; path = SceneDelegate.swift; sourceTree = "<group>"; };
		543F7A252BAA09F800F429EF /* Base */ = {isa = PBXFileReference; lastKnownFileType = file.storyboard; name = Base; path = Base.lproj/Main.storyboard; sourceTree = "<group>"; };
		543F7A272BAA09F900F429EF /* Assets.xcassets */ = {isa = PBXFileReference; lastKnownFileType = folder.assetcatalog; path = Assets.xcassets; sourceTree = "<group>"; };
		543F7A2A2BAA09F900F429EF /* Base */ = {isa = PBXFileReference; lastKnownFileType = file.storyboard; name = Base; path = Base.lproj/LaunchScreen.storyboard; sourceTree = "<group>"; };
		543F7A2C2BAA09F900F429EF /* Info.plist */ = {isa = PBXFileReference; lastKnownFileType = text.plist.xml; path = Info.plist; sourceTree = "<group>"; };
		543F7A342BAA0A3D00F429EF /* HomeViewController.swift */ = {isa = PBXFileReference; lastKnownFileType = sourcecode.swift; path = HomeViewController.swift; sourceTree = "<group>"; };
		543F7A352BAA0A3D00F429EF /* HomeViewController.xib */ = {isa = PBXFileReference; lastKnownFileType = file.xib; path = HomeViewController.xib; sourceTree = "<group>"; };
		543F7A382BAA0A5300F429EF /* SignInViewController.swift */ = {isa = PBXFileReference; lastKnownFileType = sourcecode.swift; path = SignInViewController.swift; sourceTree = "<group>"; };
		543F7A392BAA0A5300F429EF /* SignInViewController.xib */ = {isa = PBXFileReference; lastKnownFileType = file.xib; path = SignInViewController.xib; sourceTree = "<group>"; };
		543F7A3C2BAA0A6600F429EF /* SignUpViewController.swift */ = {isa = PBXFileReference; lastKnownFileType = sourcecode.swift; path = SignUpViewController.swift; sourceTree = "<group>"; };
		543F7A3D2BAA0A6600F429EF /* SignUpViewController.xib */ = {isa = PBXFileReference; lastKnownFileType = file.xib; path = SignUpViewController.xib; sourceTree = "<group>"; };
		543F7A402BAA1B6A00F429EF /* BaseViewController.swift */ = {isa = PBXFileReference; lastKnownFileType = sourcecode.swift; path = BaseViewController.swift; sourceTree = "<group>"; };
/* End PBXFileReference section */

/* Begin PBXFrameworksBuildPhase section */
		543F7A182BAA09F800F429EF /* Frameworks */ = {
			isa = PBXFrameworksBuildPhase;
			buildActionMask = 2147483647;
			files = (
			);
			runOnlyForDeploymentPostprocessing = 0;
		};
/* End PBXFrameworksBuildPhase section */

/* Begin PBXGroup section */
		543F7A122BAA09F800F429EF = {
			isa = PBXGroup;
			children = (
				543F7A1D2BAA09F800F429EF /* InstaPDP */,
				543F7A1C2BAA09F800F429EF /* Products */,
			);
			sourceTree = "<group>";
		};
		543F7A1C2BAA09F800F429EF /* Products */ = {
			isa = PBXGroup;
			children = (
				543F7A1B2BAA09F800F429EF /* InstaPDP.app */,
			);
			name = Products;
			sourceTree = "<group>";
		};
		543F7A1D2BAA09F800F429EF /* InstaPDP */ = {
			isa = PBXGroup;
			children = (
				543F7A332BAA0A1100F429EF /* apputils */,
				543F7A322BAA0A0800F429EF /* controllers */,
				543F7A1E2BAA09F800F429EF /* AppDelegate.swift */,
				543F7A202BAA09F800F429EF /* SceneDelegate.swift */,
				543F7A2C2BAA09F900F429EF /* Info.plist */,
			);
			path = InstaPDP;
			sourceTree = "<group>";
		};
		543F7A322BAA0A0800F429EF /* controllers */ = {
			isa = PBXGroup;
			children = (
				543F7A402BAA1B6A00F429EF /* BaseViewController.swift */,
				543F7A342BAA0A3D00F429EF /* HomeViewController.swift */,
				543F7A352BAA0A3D00F429EF /* HomeViewController.xib */,
				543F7A382BAA0A5300F429EF /* SignInViewController.swift */,
				543F7A392BAA0A5300F429EF /* SignInViewController.xib */,
				543F7A3C2BAA0A6600F429EF /* SignUpViewController.swift */,
				543F7A3D2BAA0A6600F429EF /* SignUpViewController.xib */,
			);
			path = controllers;
			sourceTree = "<group>";
		};
		543F7A332BAA0A1100F429EF /* apputils */ = {
			isa = PBXGroup;
			children = (
				543F7A292BAA09F900F429EF /* LaunchScreen.storyboard */,
				543F7A272BAA09F900F429EF /* Assets.xcassets */,
				543F7A242BAA09F800F429EF /* Main.storyboard */,
			);
			path = apputils;
			sourceTree = "<group>";
		};
/* End PBXGroup section */

/* Begin PBXNativeTarget section */
		543F7A1A2BAA09F800F429EF /* InstaPDP */ = {
			isa = PBXNativeTarget;
			buildConfigurationList = 543F7A2F2BAA09F900F429EF /* Build configuration list for PBXNativeTarget "InstaPDP" */;
			buildPhases = (
				543F7A172BAA09F800F429EF /* Sources */,
				543F7A182BAA09F800F429EF /* Frameworks */,
				543F7A192BAA09F800F429EF /* Resources */,
			);
			buildRules = (
			);
			dependencies = (
			);
			name = InstaPDP;
			productName = InstaPDP;
			productReference = 543F7A1B2BAA09F800F429EF /* InstaPDP.app */;
			productType = "com.apple.product-type.application";
		};
/* End PBXNativeTarget section */

/* Begin PBXProject section */
		543F7A132BAA09F800F429EF /* Project object */ = {
			isa = PBXProject;
			attributes = {
				BuildIndependentTargetsInParallel = 1;
				LastSwiftUpdateCheck = 1520;
				LastUpgradeCheck = 1520;
				TargetAttributes = {
					543F7A1A2BAA09F800F429EF = {
						CreatedOnToolsVersion = 15.2;
					};
				};
			};
			buildConfigurationList = 543F7A162BAA09F800F429EF /* Build configuration list for PBXProject "InstaPDP" */;
			compatibilityVersion = "Xcode 14.0";
			developmentRegion = en;
			hasScannedForEncodings = 0;
			knownRegions = (
				en,
				Base,
			);
			mainGroup = 543F7A122BAA09F800F429EF;
			productRefGroup = 543F7A1C2BAA09F800F429EF /* Products */;
			projectDirPath = "";
			projectRoot = "";
			targets = (
				543F7A1A2BAA09F800F429EF /* InstaPDP */,
			);
		};
/* End PBXProject section */

/* Begin PBXResourcesBuildPhase section */
		543F7A192BAA09F800F429EF /* Resources */ = {
			isa = PBXResourcesBuildPhase;
			buildActionMask = 2147483647;
			files = (
				543F7A3B2BAA0A5300F429EF /* SignInViewController.xib in Resources */,
				543F7A2B2BAA09F900F429EF /* LaunchScreen.storyboard in Resources */,
				543F7A282BAA09F900F429EF /* Assets.xcassets in Resources */,
				543F7A262BAA09F800F429EF /* Main.storyboard in Resources */,
				543F7A3F2BAA0A6600F429EF /* SignUpViewController.xib in Resources */,
				543F7A372BAA0A3D00F429EF /* HomeViewController.xib in Resources */,
			);
			runOnlyForDeploymentPostprocessing = 0;
		};
/* End PBXResourcesBuildPhase section */

/* Begin PBXSourcesBuildPhase section */
		543F7A172BAA09F800F429EF /* Sources */ = {
			isa = PBXSourcesBuildPhase;
			buildActionMask = 2147483647;
			files = (
				543F7A3E2BAA0A6600F429EF /* SignUpViewController.swift in Sources */,
				543F7A1F2BAA09F800F429EF /* AppDelegate.swift in Sources */,
				543F7A212BAA09F800F429EF /* SceneDelegate.swift in Sources */,
				543F7A3A2BAA0A5300F429EF /* SignInViewController.swift in Sources */,
				543F7A412BAA1B6A00F429EF /* BaseViewController.swift in Sources */,
				543F7A362BAA0A3D00F429EF /* HomeViewController.swift in Sources */,
			);
			runOnlyForDeploymentPostprocessing = 0;
		};
/* End PBXSourcesBuildPhase section */

/* Begin PBXVariantGroup section */
		543F7A242BAA09F800F429EF /* Main.storyboard */ = {
			isa = PBXVariantGroup;
			children = (
				543F7A252BAA09F800F429EF /* Base */,
			);
			name = Main.storyboard;
			sourceTree = "<group>";
		};
		543F7A292BAA09F900F429EF /* LaunchScreen.storyboard */ = {
			isa = PBXVariantGroup;
			children = (
				543F7A2A2BAA09F900F429EF /* Base */,
			);
			name = LaunchScreen.storyboard;
			sourceTree = "<group>";
		};
/* End PBXVariantGroup section */

/* Begin XCBuildConfiguration section */
		543F7A2D2BAA09F900F429EF /* Debug */ = {
			isa = XCBuildConfiguration;
			buildSettings = {
				ALWAYS_SEARCH_USER_PATHS = NO;
				ASSETCATALOG_COMPILER_GENERATE_SWIFT_ASSET_SYMBOL_EXTENSIONS = YES;
				CLANG_ANALYZER_NONNULL = YES;
				CLANG_ANALYZER_NUMBER_OBJECT_CONVERSION = YES_AGGRESSIVE;
				CLANG_CXX_LANGUAGE_STANDARD = "gnu++20";
				CLANG_ENABLE_MODULES = YES;
				CLANG_ENABLE_OBJC_ARC = YES;
				CLANG_ENABLE_OBJC_WEAK = YES;
				CLANG_WARN_BLOCK_CAPTURE_AUTORELEASING = YES;
				CLANG_WARN_BOOL_CONVERSION = YES;
				CLANG_WARN_COMMA = YES;
				CLANG_WARN_CONSTANT_CONVERSION = YES;
				CLANG_WARN_DEPRECATED_OBJC_IMPLEMENTATIONS = YES;
				CLANG_WARN_DIRECT_OBJC_ISA_USAGE = YES_ERROR;
				CLANG_WARN_DOCUMENTATION_COMMENTS = YES;
				CLANG_WARN_EMPTY_BODY = YES;
				CLANG_WARN_ENUM_CONVERSION = YES;
				CLANG_WARN_INFINITE_RECURSION = YES;
				CLANG_WARN_INT_CONVERSION = YES;
				CLANG_WARN_NON_LITERAL_NULL_CONVERSION = YES;
				CLANG_WARN_OBJC_IMPLICIT_RETAIN_SELF = YES;
				CLANG_WARN_OBJC_LITERAL_CONVERSION = YES;
				CLANG_WARN_OBJC_ROOT_CLASS = YES_ERROR;
				CLANG_WARN_QUOTED_INCLUDE_IN_FRAMEWORK_HEADER = YES;
				CLANG_WARN_RANGE_LOOP_ANALYSIS = YES;
				CLANG_WARN_STRICT_PROTOTYPES = YES;
				CLANG_WARN_SUSPICIOUS_MOVE = YES;
				CLANG_WARN_UNGUARDED_AVAILABILITY = YES_AGGRESSIVE;
				CLANG_WARN_UNREACHABLE_CODE = YES;
				CLANG_WARN__DUPLICATE_METHOD_MATCH = YES;
				COPY_PHASE_STRIP = NO;
				DEBUG_INFORMATION_FORMAT = dwarf;
				ENABLE_STRICT_OBJC_MSGSEND = YES;
				ENABLE_TESTABILITY = YES;
				ENABLE_USER_SCRIPT_SANDBOXING = YES;
				GCC_C_LANGUAGE_STANDARD = gnu17;
				GCC_DYNAMIC_NO_PIC = NO;
				GCC_NO_COMMON_BLOCKS = YES;
				GCC_OPTIMIZATION_LEVEL = 0;
				GCC_PREPROCESSOR_DEFINITIONS = (
					"DEBUG=1",
					"$(inherited)",
				);
				GCC_WARN_64_TO_32_BIT_CONVERSION = YES;
				GCC_WARN_ABOUT_RETURN_TYPE = YES_ERROR;
				GCC_WARN_UNDECLARED_SELECTOR = YES;
				GCC_WARN_UNINITIALIZED_AUTOS = YES_AGGRESSIVE;
				GCC_WARN_UNUSED_FUNCTION = YES;
				GCC_WARN_UNUSED_VARIABLE = YES;
				IPHONEOS_DEPLOYMENT_TARGET = 17.2;
				LOCALIZATION_PREFERS_STRING_CATALOGS = YES;
				MTL_ENABLE_DEBUG_INFO = INCLUDE_SOURCE;
				MTL_FAST_MATH = YES;
				ONLY_ACTIVE_ARCH = YES;
				SDKROOT = iphoneos;
				SWIFT_ACTIVE_COMPILATION_CONDITIONS = "DEBUG $(inherited)";
				SWIFT_OPTIMIZATION_LEVEL = "-Onone";
			};
			name = Debug;
		};
		543F7A2E2BAA09F900F429EF /* Release */ = {
			isa = XCBuildConfiguration;
			buildSettings = {
				ALWAYS_SEARCH_USER_PATHS = NO;
				ASSETCATALOG_COMPILER_GENERATE_SWIFT_ASSET_SYMBOL_EXTENSIONS = YES;
				CLANG_ANALYZER_NONNULL = YES;
				CLANG_ANALYZER_NUMBER_OBJECT_CONVERSION = YES_AGGRESSIVE;
				CLANG_CXX_LANGUAGE_STANDARD = "gnu++20";
				CLANG_ENABLE_MODULES = YES;
				CLANG_ENABLE_OBJC_ARC = YES;
				CLANG_ENABLE_OBJC_WEAK = YES;
				CLANG_WARN_BLOCK_CAPTURE_AUTORELEASING = YES;
				CLANG_WARN_BOOL_CONVERSION = YES;
				CLANG_WARN_COMMA = YES;
				CLANG_WARN_CONSTANT_CONVERSION = YES;
				CLANG_WARN_DEPRECATED_OBJC_IMPLEMENTATIONS = YES;
				CLANG_WARN_DIRECT_OBJC_ISA_USAGE = YES_ERROR;
				CLANG_WARN_DOCUMENTATION_COMMENTS = YES;
				CLANG_WARN_EMPTY_BODY = YES;
				CLANG_WARN_ENUM_CONVERSION = YES;
				CLANG_WARN_INFINITE_RECURSION = YES;
				CLANG_WARN_INT_CONVERSION = YES;
				CLANG_WARN_NON_LITERAL_NULL_CONVERSION = YES;
				CLANG_WARN_OBJC_IMPLICIT_RETAIN_SELF = YES;
				CLANG_WARN_OBJC_LITERAL_CONVERSION = YES;
				CLANG_WARN_OBJC_ROOT_CLASS = YES_ERROR;
				CLANG_WARN_QUOTED_INCLUDE_IN_FRAMEWORK_HEADER = YES;
				CLANG_WARN_RANGE_LOOP_ANALYSIS = YES;
				CLANG_WARN_STRICT_PROTOTYPES = YES;
				CLANG_WARN_SUSPICIOUS_MOVE = YES;
				CLANG_WARN_UNGUARDED_AVAILABILITY = YES_AGGRESSIVE;
				CLANG_WARN_UNREACHABLE_CODE = YES;
				CLANG_WARN__DUPLICATE_METHOD_MATCH = YES;
				COPY_PHASE_STRIP = NO;
				DEBUG_INFORMATION_FORMAT = "dwarf-with-dsym";
				ENABLE_NS_ASSERTIONS = NO;
				ENABLE_STRICT_OBJC_MSGSEND = YES;
				ENABLE_USER_SCRIPT_SANDBOXING = YES;
				GCC_C_LANGUAGE_STANDARD = gnu17;
				GCC_NO_COMMON_BLOCKS = YES;
				GCC_WARN_64_TO_32_BIT_CONVERSION = YES;
				GCC_WARN_ABOUT_RETURN_TYPE = YES_ERROR;
				GCC_WARN_UNDECLARED_SELECTOR = YES;
				GCC_WARN_UNINITIALIZED_AUTOS = YES_AGGRESSIVE;
				GCC_WARN_UNUSED_FUNCTION = YES;
				GCC_WARN_UNUSED_VARIABLE = YES;
				IPHONEOS_DEPLOYMENT_TARGET = 17.2;
				LOCALIZATION_PREFERS_STRING_CATALOGS = YES;
				MTL_ENABLE_DEBUG_INFO = NO;
				MTL_FAST_MATH = YES;
				SDKROOT = iphoneos;
				SWIFT_COMPILATION_MODE = wholemodule;
				VALIDATE_PRODUCT = YES;
			};
			name = Release;
		};
		543F7A302BAA09F900F429EF /* Debug */ = {
			isa = XCBuildConfiguration;
			buildSettings = {
				ASSETCATALOG_COMPILER_APPICON_NAME = AppIcon;
				ASSETCATALOG_COMPILER_GLOBAL_ACCENT_COLOR_NAME = AccentColor;
				CODE_SIGN_STYLE = Automatic;
				CURRENT_PROJECT_VERSION = 1;
				DEVELOPMENT_TEAM = 55295C58U9;
				GENERATE_INFOPLIST_FILE = YES;
				INFOPLIST_FILE = InstaPDP/Info.plist;
				INFOPLIST_KEY_UIApplicationSupportsIndirectInputEvents = YES;
				INFOPLIST_KEY_UILaunchStoryboardName = LaunchScreen;
				INFOPLIST_KEY_UIMainStoryboardFile = Main;
				INFOPLIST_KEY_UISupportedInterfaceOrientations_iPad = "UIInterfaceOrientationPortrait UIInterfaceOrientationPortraitUpsideDown UIInterfaceOrientationLandscapeLeft UIInterfaceOrientationLandscapeRight";
				INFOPLIST_KEY_UISupportedInterfaceOrientations_iPhone = "UIInterfaceOrientationPortrait UIInterfaceOrientationLandscapeLeft UIInterfaceOrientationLandscapeRight";
				LD_RUNPATH_SEARCH_PATHS = (
					"$(inherited)",
					"@executable_path/Frameworks",
				);
				MARKETING_VERSION = 1.0;
				PRODUCT_BUNDLE_IDENTIFIER = uz.study.swift.InstaPDP;
				PRODUCT_NAME = "$(TARGET_NAME)";
				SUPPORTED_PLATFORMS = "iphoneos iphonesimulator";
				SUPPORTS_MACCATALYST = NO;
				SUPPORTS_MAC_DESIGNED_FOR_IPHONE_IPAD = NO;
				SUPPORTS_XR_DESIGNED_FOR_IPHONE_IPAD = NO;
				SWIFT_EMIT_LOC_STRINGS = YES;
				SWIFT_VERSION = 5.0;
				TARGETED_DEVICE_FAMILY = "1,2";
			};
			name = Debug;
		};
		543F7A312BAA09F900F429EF /* Release */ = {
			isa = XCBuildConfiguration;
			buildSettings = {
				ASSETCATALOG_COMPILER_APPICON_NAME = AppIcon;
				ASSETCATALOG_COMPILER_GLOBAL_ACCENT_COLOR_NAME = AccentColor;
				CODE_SIGN_STYLE = Automatic;
				CURRENT_PROJECT_VERSION = 1;
				DEVELOPMENT_TEAM = 55295C58U9;
				GENERATE_INFOPLIST_FILE = YES;
				INFOPLIST_FILE = InstaPDP/Info.plist;
				INFOPLIST_KEY_UIApplicationSupportsIndirectInputEvents = YES;
				INFOPLIST_KEY_UILaunchStoryboardName = LaunchScreen;
				INFOPLIST_KEY_UIMainStoryboardFile = Main;
				INFOPLIST_KEY_UISupportedInterfaceOrientations_iPad = "UIInterfaceOrientationPortrait UIInterfaceOrientationPortraitUpsideDown UIInterfaceOrientationLandscapeLeft UIInterfaceOrientationLandscapeRight";
				INFOPLIST_KEY_UISupportedInterfaceOrientations_iPhone = "UIInterfaceOrientationPortrait UIInterfaceOrientationLandscapeLeft UIInterfaceOrientationLandscapeRight";
				LD_RUNPATH_SEARCH_PATHS = (
					"$(inherited)",
					"@executable_path/Frameworks",
				);
				MARKETING_VERSION = 1.0;
				PRODUCT_BUNDLE_IDENTIFIER = uz.study.swift.InstaPDP;
				PRODUCT_NAME = "$(TARGET_NAME)";
				SUPPORTED_PLATFORMS = "iphoneos iphonesimulator";
				SUPPORTS_MACCATALYST = NO;
				SUPPORTS_MAC_DESIGNED_FOR_IPHONE_IPAD = NO;
				SUPPORTS_XR_DESIGNED_FOR_IPHONE_IPAD = NO;
				SWIFT_EMIT_LOC_STRINGS = YES;
				SWIFT_VERSION = 5.0;
				TARGETED_DEVICE_FAMILY = "1,2";
			};
			name = Release;
		};
/* End XCBuildConfiguration section */

/* Begin XCConfigurationList section */
		543F7A162BAA09F800F429EF /* Build configuration list for PBXProject "InstaPDP" */ = {
			isa = XCConfigurationList;
			buildConfigurations = (
				543F7A2D2BAA09F900F429EF /* Debug */,
				543F7A2E2BAA09F900F429EF /* Release */,
			);
			defaultConfigurationIsVisible = 0;
			defaultConfigurationName = Release;
		};
		543F7A2F2BAA09F900F429EF /* Build configuration list for PBXNativeTarget "InstaPDP" */ = {
			isa = XCConfigurationList;
			buildConfigurations = (
				543F7A302BAA09F900F429EF /* Debug */,
				543F7A312BAA09F900F429EF /* Release */,
			);
			defaultConfigurationIsVisible = 0;
			defaultConfigurationName = Release;
		};
/* End XCConfigurationList section */
	};
	rootObject = 543F7A132BAA09F800F429EF /* Project object */;
}
